// !$*UTF8*$!
{
	archiveVersion = 1;
	classes = {
	};
	objectVersion = 46;
	objects = {

/* Begin PBXBuildFile section */
		FA3FC1CE1DFDDC27003E9D4A /* AppDelegate.swift in Sources */ = {isa = PBXBuildFile; fileRef = FA3FC1CD1DFDDC27003E9D4A /* AppDelegate.swift */; };
		FA3FC1D01DFDDC27003E9D4A /* ViewController.swift in Sources */ = {isa = PBXBuildFile; fileRef = FA3FC1CF1DFDDC27003E9D4A /* ViewController.swift */; };
		FA3FC1D31DFDDC27003E9D4A /* Main.storyboard in Resources */ = {isa = PBXBuildFile; fileRef = FA3FC1D11DFDDC27003E9D4A /* Main.storyboard */; };
		FA3FC1D61DFDDC27003E9D4A /* LineLeap.xcdatamodeld in Sources */ = {isa = PBXBuildFile; fileRef = FA3FC1D41DFDDC27003E9D4A /* LineLeap.xcdatamodeld */; };
		FA3FC1D81DFDDC27003E9D4A /* Assets.xcassets in Resources */ = {isa = PBXBuildFile; fileRef = FA3FC1D71DFDDC27003E9D4A /* Assets.xcassets */; };
		FA3FC1DB1DFDDC27003E9D4A /* LaunchScreen.storyboard in Resources */ = {isa = PBXBuildFile; fileRef = FA3FC1D91DFDDC27003E9D4A /* LaunchScreen.storyboard */; };
/* End PBXBuildFile section */

/* Begin PBXFileReference section */
		FA3FC1CA1DFDDC27003E9D4A /* LineLeap.app */ = {isa = PBXFileReference; explicitFileType = wrapper.application; includeInIndex = 0; path = LineLeap.app; sourceTree = BUILT_PRODUCTS_DIR; };
		FA3FC1CD1DFDDC27003E9D4A /* AppDelegate.swift */ = {isa = PBXFileReference; lastKnownFileType = sourcecode.swift; path = AppDelegate.swift; sourceTree = "<group>"; };
		FA3FC1CF1DFDDC27003E9D4A /* ViewController.swift */ = {isa = PBXFileReference; lastKnownFileType = sourcecode.swift; path = ViewController.swift; sourceTree = "<group>"; };
		FA3FC1D21DFDDC27003E9D4A /* Base */ = {isa = PBXFileReference; lastKnownFileType = file.storyboard; name = Base; path = Base.lproj/Main.storyboard; sourceTree = "<group>"; };
		FA3FC1D51DFDDC27003E9D4A /* LineLeap.xcdatamodel */ = {isa = PBXFileReference; lastKnownFileType = wrapper.xcdatamodel; path = LineLeap.xcdatamodel; sourceTree = "<group>"; };
		FA3FC1D71DFDDC27003E9D4A /* Assets.xcassets */ = {isa = PBXFileReference; lastKnownFileType = folder.assetcatalog; path = Assets.xcassets; sourceTree = "<group>"; };
		FA3FC1DA1DFDDC27003E9D4A /* Base */ = {isa = PBXFileReference; lastKnownFileType = file.storyboard; name = Base; path = Base.lproj/LaunchScreen.storyboard; sourceTree = "<group>"; };
		FA3FC1DC1DFDDC27003E9D4A /* Info.plist */ = {isa = PBXFileReference; lastKnownFileType = text.plist.xml; path = Info.plist; sourceTree = "<group>"; };
/* End PBXFileReference section */

/* Begin PBXFrameworksBuildPhase section */
		FA3FC1C71DFDDC27003E9D4A /* Frameworks */ = {
			isa = PBXFrameworksBuildPhase;
			buildActionMask = 2147483647;
			files = (
			);
			runOnlyForDeploymentPostprocessing = 0;
		};
/* End PBXFrameworksBuildPhase section */

/* Begin PBXGroup section */
		FA3FC1C11DFDDC26003E9D4A = {
			isa = PBXGroup;
			children = (
				FA3FC1CC1DFDDC27003E9D4A /* LineLeap */,
				FA3FC1CB1DFDDC27003E9D4A /* Products */,
			);
			sourceTree = "<group>";
		};
		FA3FC1CB1DFDDC27003E9D4A /* Products */ = {
			isa = PBXGroup;
			children = (
				FA3FC1CA1DFDDC27003E9D4A /* LineLeap.app */,
			);
			name = Products;
			sourceTree = "<group>";
		};
		FA3FC1CC1DFDDC27003E9D4A /* LineLeap */ = {
			isa = PBXGroup;
			children = (
				FA3FC1CD1DFDDC27003E9D4A /* AppDelegate.swift */,
				FA3FC1CF1DFDDC27003E9D4A /* ViewController.swift */,
				FA3FC1D11DFDDC27003E9D4A /* Main.storyboard */,
				FA3FC1D71DFDDC27003E9D4A /* Assets.xcassets */,
				FA3FC1D91DFDDC27003E9D4A /* LaunchScreen.storyboard */,
				FA3FC1DC1DFDDC27003E9D4A /* Info.plist */,
				FA3FC1D41DFDDC27003E9D4A /* LineLeap.xcdatamodeld */,
			);
			path = LineLeap;
			sourceTree = "<group>";
		};
/* End PBXGroup section */

/* Begin PBXNativeTarget section */
		FA3FC1C91DFDDC27003E9D4A /* LineLeap */ = {
			isa = PBXNativeTarget;
			buildConfigurationList = FA3FC1DF1DFDDC27003E9D4A /* Build configuration list for PBXNativeTarget "LineLeap" */;
			buildPhases = (
				FA3FC1C61DFDDC27003E9D4A /* Sources */,
				FA3FC1C71DFDDC27003E9D4A /* Frameworks */,
				FA3FC1C81DFDDC27003E9D4A /* Resources */,
			);
			buildRules = (
			);
			dependencies = (
			);
			name = LineLeap;
			productName = LineLeap;
			productReference = FA3FC1CA1DFDDC27003E9D4A /* LineLeap.app */;
			productType = "com.apple.product-type.application";
		};
/* End PBXNativeTarget section */

/* Begin PBXProject section */
		FA3FC1C21DFDDC26003E9D4A /* Project object */ = {
			isa = PBXProject;
			attributes = {
				LastSwiftUpdateCheck = 0810;
				LastUpgradeCheck = 0810;
				ORGANIZATIONNAME = LineLeap;
				TargetAttributes = {
					FA3FC1C91DFDDC27003E9D4A = {
						CreatedOnToolsVersion = 8.1;
						ProvisioningStyle = Automatic;
					};
				};
			};
			buildConfigurationList = FA3FC1C51DFDDC26003E9D4A /* Build configuration list for PBXProject "LineLeap" */;
			compatibilityVersion = "Xcode 3.2";
			developmentRegion = English;
			hasScannedForEncodings = 0;
			knownRegions = (
				en,
				Base,
			);
			mainGroup = FA3FC1C11DFDDC26003E9D4A;
			productRefGroup = FA3FC1CB1DFDDC27003E9D4A /* Products */;
			projectDirPath = "";
			projectRoot = "";
			targets = (
				FA3FC1C91DFDDC27003E9D4A /* LineLeap */,
			);
		};
/* End PBXProject section */

/* Begin PBXResourcesBuildPhase section */
		FA3FC1C81DFDDC27003E9D4A /* Resources */ = {
			isa = PBXResourcesBuildPhase;
			buildActionMask = 2147483647;
			files = (
				FA3FC1DB1DFDDC27003E9D4A /* LaunchScreen.storyboard in Resources */,
				FA3FC1D81DFDDC27003E9D4A /* Assets.xcassets in Resources */,
				FA3FC1D31DFDDC27003E9D4A /* Main.storyboard in Resources */,
			);
			runOnlyForDeploymentPostprocessing = 0;
		};
/* End PBXResourcesBuildPhase section */

/* Begin PBXSourcesBuildPhase section */
		FA3FC1C61DFDDC27003E9D4A /* Sources */ = {
			isa = PBXSourcesBuildPhase;
			buildActionMask = 2147483647;
			files = (
				FA3FC1D01DFDDC27003E9D4A /* ViewController.swift in Sources */,
				FA3FC1CE1DFDDC27003E9D4A /* AppDelegate.swift in Sources */,
				FA3FC1D61DFDDC27003E9D4A /* LineLeap.xcdatamodeld in Sources */,
			);
			runOnlyForDeploymentPostprocessing = 0;
		};
/* End PBXSourcesBuildPhase section */

/* Begin PBXVariantGroup section */
		FA3FC1D11DFDDC27003E9D4A /* Main.storyboard */ = {
			isa = PBXVariantGroup;
			children = (
				FA3FC1D21DFDDC27003E9D4A /* Base */,
			);
			name = Main.storyboard;
			sourceTree = "<group>";
		};
		FA3FC1D91DFDDC27003E9D4A /* LaunchScreen.storyboard */ = {
			isa = PBXVariantGroup;
			children = (
				FA3FC1DA1DFDDC27003E9D4A /* Base */,
			);
			name = LaunchScreen.storyboard;
			sourceTree = "<group>";
		};
/* End PBXVariantGroup section */

/* Begin XCBuildConfiguration section */
		FA3FC1DD1DFDDC27003E9D4A /* Debug */ = {
			isa = XCBuildConfiguration;
			buildSettings = {
				ALWAYS_SEARCH_USER_PATHS = NO;
				CLANG_ANALYZER_NONNULL = YES;
				CLANG_CXX_LANGUAGE_STANDARD = "gnu++0x";
				CLANG_CXX_LIBRARY = "libc++";
				CLANG_ENABLE_MODULES = YES;
				CLANG_ENABLE_OBJC_ARC = YES;
				CLANG_WARN_BOOL_CONVERSION = YES;
				CLANG_WARN_CONSTANT_CONVERSION = YES;
				CLANG_WARN_DIRECT_OBJC_ISA_USAGE = YES_ERROR;
				CLANG_WARN_DOCUMENTATION_COMMENTS = YES;
				CLANG_WARN_EMPTY_BODY = YES;
				CLANG_WARN_ENUM_CONVERSION = YES;
				CLANG_WARN_INFINITE_RECURSION = YES;
				CLANG_WARN_INT_CONVERSION = YES;
				CLANG_WARN_OBJC_ROOT_CLASS = YES_ERROR;
				CLANG_WARN_SUSPICIOUS_MOVES = YES;
				CLANG_WARN_UNREACHABLE_CODE = YES;
				CLANG_WARN__DUPLICATE_METHOD_MATCH = YES;
				"CODE_SIGN_IDENTITY[sdk=iphoneos*]" = "iPhone Developer";
				COPY_PHASE_STRIP = NO;
				DEBUG_INFORMATION_FORMAT = dwarf;
				ENABLE_STRICT_OBJC_MSGSEND = YES;
				ENABLE_TESTABILITY = YES;
				GCC_C_LANGUAGE_STANDARD = gnu99;
				GCC_DYNAMIC_NO_PIC = NO;
				GCC_NO_COMMON_BLOCKS = YES;
				GCC_OPTIMIZATION_LEVEL = 0;
				GCC_PREPROCESSOR_DEFINITIONS = (
					"DEBUG=1",
					"$(inherited)",
				);
				GCC_WARN_64_TO_32_BIT_CONVERSION = YES;
				GCC_WARN_ABOUT_RETURN_TYPE = YES_ERROR;
				GCC_WARN_UNDECLARED_SELECTOR = YES;
				GCC_WARN_UNINITIALIZED_AUTOS = YES_AGGRESSIVE;
				GCC_WARN_UNUSED_FUNCTION = YES;
				GCC_WARN_UNUSED_VARIABLE = YES;
				IPHONEOS_DEPLOYMENT_TARGET = 10.1;
				MTL_ENABLE_DEBUG_INFO = YES;
				ONLY_ACTIVE_ARCH = YES;
				SDKROOT = iphoneos;
				SWIFT_ACTIVE_COMPILATION_CONDITIONS = DEBUG;
				SWIFT_OPTIMIZATION_LEVEL = "-Onone";
				TARGETED_DEVICE_FAMILY = "1,2";
			};
			name = Debug;
		};
		FA3FC1DE1DFDDC27003E9D4A /* Release */ = {
			isa = XCBuildConfiguration;
			buildSettings = {
				ALWAYS_SEARCH_USER_PATHS = NO;
				CLANG_ANALYZER_NONNULL = YES;
				CLANG_CXX_LANGUAGE_STANDARD = "gnu++0x";
				CLANG_CXX_LIBRARY = "libc++";
				CLANG_ENABLE_MODULES = YES;
				CLANG_ENABLE_OBJC_ARC = YES;
				CLANG_WARN_BOOL_CONVERSION = YES;
				CLANG_WARN_CONSTANT_CONVERSION = YES;
				CLANG_WARN_DIRECT_OBJC_ISA_USAGE = YES_ERROR;
				CLANG_WARN_DOCUMENTATION_COMMENTS = YES;
				CLANG_WARN_EMPTY_BODY = YES;
				CLANG_WARN_ENUM_CONVERSION = YES;
				CLANG_WARN_INFINITE_RECURSION = YES;
				CLANG_WARN_INT_CONVERSION = YES;
				CLANG_WARN_OBJC_ROOT_CLASS = YES_ERROR;
				CLANG_WARN_SUSPICIOUS_MOVES = YES;
				CLANG_WARN_UNREACHABLE_CODE = YES;
				CLANG_WARN__DUPLICATE_METHOD_MATCH = YES;
				"CODE_SIGN_IDENTITY[sdk=iphoneos*]" = "iPhone Developer";
				COPY_PHASE_STRIP = NO;
				DEBUG_INFORMATION_FORMAT = "dwarf-with-dsym";
				ENABLE_NS_ASSERTIONS = NO;
				ENABLE_STRICT_OBJC_MSGSEND = YES;
				GCC_C_LANGUAGE_STANDARD = gnu99;
				GCC_NO_COMMON_BLOCKS = YES;
				GCC_WARN_64_TO_32_BIT_CONVERSION = YES;
				GCC_WARN_ABOUT_RETURN_TYPE = YES_ERROR;
				GCC_WARN_UNDECLARED_SELECTOR = YES;
				GCC_WARN_UNINITIALIZED_AUTOS = YES_AGGRESSIVE;
				GCC_WARN_UNUSED_FUNCTION = YES;
				GCC_WARN_UNUSED_VARIABLE = YES;
				IPHONEOS_DEPLOYMENT_TARGET = 10.1;
				MTL_ENABLE_DEBUG_INFO = NO;
				SDKROOT = iphoneos;
				SWIFT_OPTIMIZATION_LEVEL = "-Owholemodule";
				TARGETED_DEVICE_FAMILY = "1,2";
				VALIDATE_PRODUCT = YES;
			};
			name = Release;
		};
		FA3FC1E01DFDDC27003E9D4A /* Debug */ = {
			isa = XCBuildConfiguration;
			buildSettings = {
				ASSETCATALOG_COMPILER_APPICON_NAME = AppIcon;
				INFOPLIST_FILE = LineLeap/Info.plist;
				LD_RUNPATH_SEARCH_PATHS = "$(inherited) @executable_path/Frameworks";
				PRODUCT_BUNDLE_IDENTIFIER = co.LineLeap;
				PRODUCT_NAME = "$(TARGET_NAME)";
				SWIFT_VERSION = 3.0;
			};
			name = Debug;
		};
		FA3FC1E11DFDDC27003E9D4A /* Release */ = {
			isa = XCBuildConfiguration;
			buildSettings = {
				ASSETCATALOG_COMPILER_APPICON_NAME = AppIcon;
				INFOPLIST_FILE = LineLeap/Info.plist;
				LD_RUNPATH_SEARCH_PATHS = "$(inherited) @executable_path/Frameworks";
				PRODUCT_BUNDLE_IDENTIFIER = co.LineLeap;
				PRODUCT_NAME = "$(TARGET_NAME)";
				SWIFT_VERSION = 3.0;
			};
			name = Release;
		};
/* End XCBuildConfiguration section */

/* Begin XCConfigurationList section */
		FA3FC1C51DFDDC26003E9D4A /* Build configuration list for PBXProject "LineLeap" */ = {
			isa = XCConfigurationList;
			buildConfigurations = (
				FA3FC1DD1DFDDC27003E9D4A /* Debug */,
				FA3FC1DE1DFDDC27003E9D4A /* Release */,
			);
			defaultConfigurationIsVisible = 0;
			defaultConfigurationName = Release;
		};
		FA3FC1DF1DFDDC27003E9D4A /* Build configuration list for PBXNativeTarget "LineLeap" */ = {
			isa = XCConfigurationList;
			buildConfigurations = (
				FA3FC1E01DFDDC27003E9D4A /* Debug */,
				FA3FC1E11DFDDC27003E9D4A /* Release */,
			);
			defaultConfigurationIsVisible = 0;
		};
/* End XCConfigurationList section */

/* Begin XCVersionGroup section */
		FA3FC1D41DFDDC27003E9D4A /* LineLeap.xcdatamodeld */ = {
			isa = XCVersionGroup;
			children = (
				FA3FC1D51DFDDC27003E9D4A /* LineLeap.xcdatamodel */,
			);
			currentVersion = FA3FC1D51DFDDC27003E9D4A /* LineLeap.xcdatamodel */;
			path = LineLeap.xcdatamodeld;
			sourceTree = "<group>";
			versionGroupType = wrapper.xcdatamodel;
		};
/* End XCVersionGroup section */
	};
	rootObject = FA3FC1C21DFDDC26003E9D4A /* Project object */;
}
